{
  "originHash" : "ad745a5c6fcb06d1824d5270c4871af4d66e1c06294b223ce2e46d3bb96e9858",
  "pins" : [
    {
      "identity" : "swift-fsrs",
      "kind" : "remoteSourceControl",
      "location" : "https://github.com/open-spaced-repetition/swift-fsrs",
      "state" : {
        "revision" : "129e4dc4e99625ee2dd2ee627fab866f2993e3d7",
        "version" : "5.0.0"
      }
    }
  ],
  "version" : 3
}
